// !$*UTF8*$!
{
	archiveVersion = 1;
	classes = {
	};
	objectVersion = 51;
	objects = {

/* Begin PBXBuildFile section */
		512AD7A22435C99B00ABB6B4 /* PopupViewController.swift in Sources */ = {isa = PBXBuildFile; fileRef = 512AD7A12435C99B00ABB6B4 /* PopupViewController.swift */; };
		51EA3CA5243489A900662396 /* AppDelegate.swift in Sources */ = {isa = PBXBuildFile; fileRef = 51EA3CA4243489A900662396 /* AppDelegate.swift */; };
		51EA3CA7243489A900662396 /* SceneDelegate.swift in Sources */ = {isa = PBXBuildFile; fileRef = 51EA3CA6243489A900662396 /* SceneDelegate.swift */; };
		51EA3CA9243489A900662396 /* ViewController.swift in Sources */ = {isa = PBXBuildFile; fileRef = 51EA3CA8243489A900662396 /* ViewController.swift */; };
		51EA3CAC243489A900662396 /* Main.storyboard in Resources */ = {isa = PBXBuildFile; fileRef = 51EA3CAA243489A900662396 /* Main.storyboard */; };
		51EA3CAE243489AB00662396 /* Assets.xcassets in Resources */ = {isa = PBXBuildFile; fileRef = 51EA3CAD243489AB00662396 /* Assets.xcassets */; };
		51EA3CB1243489AB00662396 /* LaunchScreen.storyboard in Resources */ = {isa = PBXBuildFile; fileRef = 51EA3CAF243489AB00662396 /* LaunchScreen.storyboard */; };
		51EA3CBC243489AB00662396 /* Covid19IndiaTests.swift in Sources */ = {isa = PBXBuildFile; fileRef = 51EA3CBB243489AB00662396 /* Covid19IndiaTests.swift */; };
		51EA3CC7243489AB00662396 /* Covid19IndiaUITests.swift in Sources */ = {isa = PBXBuildFile; fileRef = 51EA3CC6243489AB00662396 /* Covid19IndiaUITests.swift */; };
		51EA3CDB2434A48200662396 /* Constants.swift in Sources */ = {isa = PBXBuildFile; fileRef = 51EA3CDA2434A48200662396 /* Constants.swift */; };
		51EA3CDF2434B17D00662396 /* CasesTimeSeriesModel.swift in Sources */ = {isa = PBXBuildFile; fileRef = 51EA3CDE2434B17D00662396 /* CasesTimeSeriesModel.swift */; };
		51EA3CE32434B24900662396 /* KeyValuesModel.swift in Sources */ = {isa = PBXBuildFile; fileRef = 51EA3CE22434B24900662396 /* KeyValuesModel.swift */; };
		51EA3CE52434B25F00662396 /* StateWiseModel.swift in Sources */ = {isa = PBXBuildFile; fileRef = 51EA3CE42434B25F00662396 /* StateWiseModel.swift */; };
		51EA3CE72434B2CF00662396 /* CovidDataModel.swift in Sources */ = {isa = PBXBuildFile; fileRef = 51EA3CE62434B2CF00662396 /* CovidDataModel.swift */; };
		51EA3CE92434C08100662396 /* StateWiseCell.swift in Sources */ = {isa = PBXBuildFile; fileRef = 51EA3CE82434C08100662396 /* StateWiseCell.swift */; };
		932AF4AB205C9EEF9F7A8D5A /* Pods_Covid19IndiaTests.framework in Frameworks */ = {isa = PBXBuildFile; fileRef = 70980E6BF3344490AECA3586 /* Pods_Covid19IndiaTests.framework */; };
		D14391FDDCAF11FC99D4C1F4 /* Pods_Covid19India_Covid19IndiaUITests.framework in Frameworks */ = {isa = PBXBuildFile; fileRef = 26333524ED473946367E410E /* Pods_Covid19India_Covid19IndiaUITests.framework */; };
		F2ED02D7328A93CC48754B3C /* Pods_Covid19India.framework in Frameworks */ = {isa = PBXBuildFile; fileRef = F73DED60A77E3BE301D4371E /* Pods_Covid19India.framework */; };
/* End PBXBuildFile section */

/* Begin PBXContainerItemProxy section */
		51EA3CB8243489AB00662396 /* PBXContainerItemProxy */ = {
			isa = PBXContainerItemProxy;
			containerPortal = 51EA3C99243489A900662396 /* Project object */;
			proxyType = 1;
			remoteGlobalIDString = 51EA3CA0243489A900662396;
			remoteInfo = Covid19India;
		};
		51EA3CC3243489AB00662396 /* PBXContainerItemProxy */ = {
			isa = PBXContainerItemProxy;
			containerPortal = 51EA3C99243489A900662396 /* Project object */;
			proxyType = 1;
			remoteGlobalIDString = 51EA3CA0243489A900662396;
			remoteInfo = Covid19India;
		};
/* End PBXContainerItemProxy section */

/* Begin PBXFileReference section */
		02298A57EFA42481D58C2323 /* Pods-Covid19IndiaTests.debug.xcconfig */ = {isa = PBXFileReference; includeInIndex = 1; lastKnownFileType = text.xcconfig; name = "Pods-Covid19IndiaTests.debug.xcconfig"; path = "Target Support Files/Pods-Covid19IndiaTests/Pods-Covid19IndiaTests.debug.xcconfig"; sourceTree = "<group>"; };
		02A7F2D0217CB32FF10F5644 /* Pods-Covid19India-Covid19IndiaUITests.release.xcconfig */ = {isa = PBXFileReference; includeInIndex = 1; lastKnownFileType = text.xcconfig; name = "Pods-Covid19India-Covid19IndiaUITests.release.xcconfig"; path = "Target Support Files/Pods-Covid19India-Covid19IndiaUITests/Pods-Covid19India-Covid19IndiaUITests.release.xcconfig"; sourceTree = "<group>"; };
		26333524ED473946367E410E /* Pods_Covid19India_Covid19IndiaUITests.framework */ = {isa = PBXFileReference; explicitFileType = wrapper.framework; includeInIndex = 0; path = Pods_Covid19India_Covid19IndiaUITests.framework; sourceTree = BUILT_PRODUCTS_DIR; };
		3C4F72BC430A76509B21BCD9 /* Pods-Covid19India.debug.xcconfig */ = {isa = PBXFileReference; includeInIndex = 1; lastKnownFileType = text.xcconfig; name = "Pods-Covid19India.debug.xcconfig"; path = "Target Support Files/Pods-Covid19India/Pods-Covid19India.debug.xcconfig"; sourceTree = "<group>"; };
		512AD7A12435C99B00ABB6B4 /* PopupViewController.swift */ = {isa = PBXFileReference; lastKnownFileType = sourcecode.swift; path = PopupViewController.swift; sourceTree = "<group>"; };
		51EA3CA1243489A900662396 /* Covid19India.app */ = {isa = PBXFileReference; explicitFileType = wrapper.application; includeInIndex = 0; path = Covid19India.app; sourceTree = BUILT_PRODUCTS_DIR; };
		51EA3CA4243489A900662396 /* AppDelegate.swift */ = {isa = PBXFileReference; lastKnownFileType = sourcecode.swift; path = AppDelegate.swift; sourceTree = "<group>"; };
		51EA3CA6243489A900662396 /* SceneDelegate.swift */ = {isa = PBXFileReference; lastKnownFileType = sourcecode.swift; path = SceneDelegate.swift; sourceTree = "<group>"; };
		51EA3CA8243489A900662396 /* ViewController.swift */ = {isa = PBXFileReference; lastKnownFileType = sourcecode.swift; path = ViewController.swift; sourceTree = "<group>"; };
		51EA3CAB243489A900662396 /* Base */ = {isa = PBXFileReference; lastKnownFileType = file.storyboard; name = Base; path = Base.lproj/Main.storyboard; sourceTree = "<group>"; };
		51EA3CAD243489AB00662396 /* Assets.xcassets */ = {isa = PBXFileReference; lastKnownFileType = folder.assetcatalog; path = Assets.xcassets; sourceTree = "<group>"; };
		51EA3CB0243489AB00662396 /* Base */ = {isa = PBXFileReference; lastKnownFileType = file.storyboard; name = Base; path = Base.lproj/LaunchScreen.storyboard; sourceTree = "<group>"; };
		51EA3CB2243489AB00662396 /* Info.plist */ = {isa = PBXFileReference; lastKnownFileType = text.plist.xml; path = Info.plist; sourceTree = "<group>"; };
		51EA3CB7243489AB00662396 /* Covid19IndiaTests.xctest */ = {isa = PBXFileReference; explicitFileType = wrapper.cfbundle; includeInIndex = 0; path = Covid19IndiaTests.xctest; sourceTree = BUILT_PRODUCTS_DIR; };
		51EA3CBB243489AB00662396 /* Covid19IndiaTests.swift */ = {isa = PBXFileReference; lastKnownFileType = sourcecode.swift; path = Covid19IndiaTests.swift; sourceTree = "<group>"; };
		51EA3CBD243489AB00662396 /* Info.plist */ = {isa = PBXFileReference; lastKnownFileType = text.plist.xml; path = Info.plist; sourceTree = "<group>"; };
		51EA3CC2243489AB00662396 /* Covid19IndiaUITests.xctest */ = {isa = PBXFileReference; explicitFileType = wrapper.cfbundle; includeInIndex = 0; path = Covid19IndiaUITests.xctest; sourceTree = BUILT_PRODUCTS_DIR; };
		51EA3CC6243489AB00662396 /* Covid19IndiaUITests.swift */ = {isa = PBXFileReference; lastKnownFileType = sourcecode.swift; path = Covid19IndiaUITests.swift; sourceTree = "<group>"; };
		51EA3CC8243489AB00662396 /* Info.plist */ = {isa = PBXFileReference; lastKnownFileType = text.plist.xml; path = Info.plist; sourceTree = "<group>"; };
		51EA3CDA2434A48200662396 /* Constants.swift */ = {isa = PBXFileReference; lastKnownFileType = sourcecode.swift; path = Constants.swift; sourceTree = "<group>"; };
		51EA3CDE2434B17D00662396 /* CasesTimeSeriesModel.swift */ = {isa = PBXFileReference; lastKnownFileType = sourcecode.swift; path = CasesTimeSeriesModel.swift; sourceTree = "<group>"; };
		51EA3CE22434B24900662396 /* KeyValuesModel.swift */ = {isa = PBXFileReference; lastKnownFileType = sourcecode.swift; path = KeyValuesModel.swift; sourceTree = "<group>"; };
		51EA3CE42434B25F00662396 /* StateWiseModel.swift */ = {isa = PBXFileReference; lastKnownFileType = sourcecode.swift; path = StateWiseModel.swift; sourceTree = "<group>"; };
		51EA3CE62434B2CF00662396 /* CovidDataModel.swift */ = {isa = PBXFileReference; lastKnownFileType = sourcecode.swift; path = CovidDataModel.swift; sourceTree = "<group>"; };
		51EA3CE82434C08100662396 /* StateWiseCell.swift */ = {isa = PBXFileReference; lastKnownFileType = sourcecode.swift; path = StateWiseCell.swift; sourceTree = "<group>"; };
		70980E6BF3344490AECA3586 /* Pods_Covid19IndiaTests.framework */ = {isa = PBXFileReference; explicitFileType = wrapper.framework; includeInIndex = 0; path = Pods_Covid19IndiaTests.framework; sourceTree = BUILT_PRODUCTS_DIR; };
		ACD34269B5C1BC64787752FE /* Pods-Covid19India.release.xcconfig */ = {isa = PBXFileReference; includeInIndex = 1; lastKnownFileType = text.xcconfig; name = "Pods-Covid19India.release.xcconfig"; path = "Target Support Files/Pods-Covid19India/Pods-Covid19India.release.xcconfig"; sourceTree = "<group>"; };
		BB76F694E9C79CDC139969C8 /* Pods-Covid19India-Covid19IndiaUITests.debug.xcconfig */ = {isa = PBXFileReference; includeInIndex = 1; lastKnownFileType = text.xcconfig; name = "Pods-Covid19India-Covid19IndiaUITests.debug.xcconfig"; path = "Target Support Files/Pods-Covid19India-Covid19IndiaUITests/Pods-Covid19India-Covid19IndiaUITests.debug.xcconfig"; sourceTree = "<group>"; };
		E458F2ECB2104C49CACDA396 /* Pods-Covid19IndiaTests.release.xcconfig */ = {isa = PBXFileReference; includeInIndex = 1; lastKnownFileType = text.xcconfig; name = "Pods-Covid19IndiaTests.release.xcconfig"; path = "Target Support Files/Pods-Covid19IndiaTests/Pods-Covid19IndiaTests.release.xcconfig"; sourceTree = "<group>"; };
		F73DED60A77E3BE301D4371E /* Pods_Covid19India.framework */ = {isa = PBXFileReference; explicitFileType = wrapper.framework; includeInIndex = 0; path = Pods_Covid19India.framework; sourceTree = BUILT_PRODUCTS_DIR; };
/* End PBXFileReference section */

/* Begin PBXFrameworksBuildPhase section */
		51EA3C9E243489A900662396 /* Frameworks */ = {
			isa = PBXFrameworksBuildPhase;
			buildActionMask = 2147483647;
			files = (
				F2ED02D7328A93CC48754B3C /* Pods_Covid19India.framework in Frameworks */,
			);
			runOnlyForDeploymentPostprocessing = 0;
		};
		51EA3CB4243489AB00662396 /* Frameworks */ = {
			isa = PBXFrameworksBuildPhase;
			buildActionMask = 2147483647;
			files = (
				932AF4AB205C9EEF9F7A8D5A /* Pods_Covid19IndiaTests.framework in Frameworks */,
			);
			runOnlyForDeploymentPostprocessing = 0;
		};
		51EA3CBF243489AB00662396 /* Frameworks */ = {
			isa = PBXFrameworksBuildPhase;
			buildActionMask = 2147483647;
			files = (
				D14391FDDCAF11FC99D4C1F4 /* Pods_Covid19India_Covid19IndiaUITests.framework in Frameworks */,
			);
			runOnlyForDeploymentPostprocessing = 0;
		};
/* End PBXFrameworksBuildPhase section */

/* Begin PBXGroup section */
		0595558C12E264CEEC92F09A /* Frameworks */ = {
			isa = PBXGroup;
			children = (
				F73DED60A77E3BE301D4371E /* Pods_Covid19India.framework */,
				26333524ED473946367E410E /* Pods_Covid19India_Covid19IndiaUITests.framework */,
				70980E6BF3344490AECA3586 /* Pods_Covid19IndiaTests.framework */,
			);
			name = Frameworks;
			sourceTree = "<group>";
		};
		512AD7A32435C9A300ABB6B4 /* ViewColtrollers */ = {
			isa = PBXGroup;
			children = (
				51EA3CA8243489A900662396 /* ViewController.swift */,
				512AD7A12435C99B00ABB6B4 /* PopupViewController.swift */,
			);
			path = ViewColtrollers;
			sourceTree = "<group>";
		};
		512AD7A42435C9C800ABB6B4 /* Models */ = {
			isa = PBXGroup;
			children = (
				51EA3CE22434B24900662396 /* KeyValuesModel.swift */,
				51EA3CE42434B25F00662396 /* StateWiseModel.swift */,
				51EA3CDE2434B17D00662396 /* CasesTimeSeriesModel.swift */,
				51EA3CE62434B2CF00662396 /* CovidDataModel.swift */,
			);
			path = Models;
			sourceTree = "<group>";
		};
		512AD7A52435C9EE00ABB6B4 /* Storyboards */ = {
			isa = PBXGroup;
			children = (
				51EA3CAA243489A900662396 /* Main.storyboard */,
				51EA3CAF243489AB00662396 /* LaunchScreen.storyboard */,
			);
			path = Storyboards;
			sourceTree = "<group>";
		};
		512AD7A62435CF9E00ABB6B4 /* Constants */ = {
			isa = PBXGroup;
			children = (
				51EA3CDA2434A48200662396 /* Constants.swift */,
			);
			path = Constants;
			sourceTree = "<group>";
		};
		512AD7A72435CFC500ABB6B4 /* TableCells */ = {
			isa = PBXGroup;
			children = (
				51EA3CE82434C08100662396 /* StateWiseCell.swift */,
			);
			path = TableCells;
			sourceTree = "<group>";
		};
		51EA3C98243489A900662396 = {
			isa = PBXGroup;
			children = (
				51EA3CA3243489A900662396 /* Covid19India */,
				51EA3CBA243489AB00662396 /* Covid19IndiaTests */,
				51EA3CC5243489AB00662396 /* Covid19IndiaUITests */,
				51EA3CA2243489A900662396 /* Products */,
				F05F74DB41B6389AD03D49E0 /* Pods */,
				0595558C12E264CEEC92F09A /* Frameworks */,
			);
			sourceTree = "<group>";
		};
		51EA3CA2243489A900662396 /* Products */ = {
			isa = PBXGroup;
			children = (
				51EA3CA1243489A900662396 /* Covid19India.app */,
				51EA3CB7243489AB00662396 /* Covid19IndiaTests.xctest */,
				51EA3CC2243489AB00662396 /* Covid19IndiaUITests.xctest */,
			);
			name = Products;
			sourceTree = "<group>";
		};
		51EA3CA3243489A900662396 /* Covid19India */ = {
			isa = PBXGroup;
			children = (
				512AD7A72435CFC500ABB6B4 /* TableCells */,
				512AD7A62435CF9E00ABB6B4 /* Constants */,
				512AD7A52435C9EE00ABB6B4 /* Storyboards */,
				512AD7A42435C9C800ABB6B4 /* Models */,
				512AD7A32435C9A300ABB6B4 /* ViewColtrollers */,
				51EA3CA4243489A900662396 /* AppDelegate.swift */,
				51EA3CA6243489A900662396 /* SceneDelegate.swift */,
				51EA3CAD243489AB00662396 /* Assets.xcassets */,
				51EA3CB2243489AB00662396 /* Info.plist */,
			);
			path = Covid19India;
			sourceTree = "<group>";
		};
		51EA3CBA243489AB00662396 /* Covid19IndiaTests */ = {
			isa = PBXGroup;
			children = (
				51EA3CBB243489AB00662396 /* Covid19IndiaTests.swift */,
				51EA3CBD243489AB00662396 /* Info.plist */,
			);
			path = Covid19IndiaTests;
			sourceTree = "<group>";
		};
		51EA3CC5243489AB00662396 /* Covid19IndiaUITests */ = {
			isa = PBXGroup;
			children = (
				51EA3CC6243489AB00662396 /* Covid19IndiaUITests.swift */,
				51EA3CC8243489AB00662396 /* Info.plist */,
			);
			path = Covid19IndiaUITests;
			sourceTree = "<group>";
		};
		F05F74DB41B6389AD03D49E0 /* Pods */ = {
			isa = PBXGroup;
			children = (
				3C4F72BC430A76509B21BCD9 /* Pods-Covid19India.debug.xcconfig */,
				ACD34269B5C1BC64787752FE /* Pods-Covid19India.release.xcconfig */,
				BB76F694E9C79CDC139969C8 /* Pods-Covid19India-Covid19IndiaUITests.debug.xcconfig */,
				02A7F2D0217CB32FF10F5644 /* Pods-Covid19India-Covid19IndiaUITests.release.xcconfig */,
				02298A57EFA42481D58C2323 /* Pods-Covid19IndiaTests.debug.xcconfig */,
				E458F2ECB2104C49CACDA396 /* Pods-Covid19IndiaTests.release.xcconfig */,
			);
			path = Pods;
			sourceTree = "<group>";
		};
/* End PBXGroup section */

/* Begin PBXNativeTarget section */
		51EA3CA0243489A900662396 /* Covid19India */ = {
			isa = PBXNativeTarget;
			buildConfigurationList = 51EA3CCB243489AB00662396 /* Build configuration list for PBXNativeTarget "Covid19India" */;
			buildPhases = (
				869451F8897C4C82CEF0C516 /* [CP] Check Pods Manifest.lock */,
				51EA3C9D243489A900662396 /* Sources */,
				51EA3C9E243489A900662396 /* Frameworks */,
				51EA3C9F243489A900662396 /* Resources */,
				3A4DB12F57CA2DDFDB4F2EF6 /* [CP] Embed Pods Frameworks */,
			);
			buildRules = (
			);
			dependencies = (
			);
			name = Covid19India;
			productName = Covid19India;
			productReference = 51EA3CA1243489A900662396 /* Covid19India.app */;
			productType = "com.apple.product-type.application";
		};
		51EA3CB6243489AB00662396 /* Covid19IndiaTests */ = {
			isa = PBXNativeTarget;
			buildConfigurationList = 51EA3CCE243489AB00662396 /* Build configuration list for PBXNativeTarget "Covid19IndiaTests" */;
			buildPhases = (
				82DB899302350D1BF6A0556F /* [CP] Check Pods Manifest.lock */,
				51EA3CB3243489AB00662396 /* Sources */,
				51EA3CB4243489AB00662396 /* Frameworks */,
				51EA3CB5243489AB00662396 /* Resources */,
			);
			buildRules = (
			);
			dependencies = (
				51EA3CB9243489AB00662396 /* PBXTargetDependency */,
			);
			name = Covid19IndiaTests;
			productName = Covid19IndiaTests;
			productReference = 51EA3CB7243489AB00662396 /* Covid19IndiaTests.xctest */;
			productType = "com.apple.product-type.bundle.unit-test";
		};
		51EA3CC1243489AB00662396 /* Covid19IndiaUITests */ = {
			isa = PBXNativeTarget;
			buildConfigurationList = 51EA3CD1243489AB00662396 /* Build configuration list for PBXNativeTarget "Covid19IndiaUITests" */;
			buildPhases = (
				0B95B6E989F01A28EBADBA48 /* [CP] Check Pods Manifest.lock */,
				51EA3CBE243489AB00662396 /* Sources */,
				51EA3CBF243489AB00662396 /* Frameworks */,
				51EA3CC0243489AB00662396 /* Resources */,
				29339FD7D90F3B7EFDD7D163 /* [CP] Embed Pods Frameworks */,
			);
			buildRules = (
			);
			dependencies = (
				51EA3CC4243489AB00662396 /* PBXTargetDependency */,
			);
			name = Covid19IndiaUITests;
			productName = Covid19IndiaUITests;
			productReference = 51EA3CC2243489AB00662396 /* Covid19IndiaUITests.xctest */;
			productType = "com.apple.product-type.bundle.ui-testing";
		};
/* End PBXNativeTarget section */

/* Begin PBXProject section */
		51EA3C99243489A900662396 /* Project object */ = {
			isa = PBXProject;
			attributes = {
				LastSwiftUpdateCheck = 1140;
				LastUpgradeCheck = 1140;
				ORGANIZATIONNAME = "Vibhor Chaudhary";
				TargetAttributes = {
					51EA3CA0243489A900662396 = {
						CreatedOnToolsVersion = 11.4;
					};
					51EA3CB6243489AB00662396 = {
						CreatedOnToolsVersion = 11.4;
						TestTargetID = 51EA3CA0243489A900662396;
					};
					51EA3CC1243489AB00662396 = {
						CreatedOnToolsVersion = 11.4;
						TestTargetID = 51EA3CA0243489A900662396;
					};
				};
			};
			buildConfigurationList = 51EA3C9C243489A900662396 /* Build configuration list for PBXProject "Covid19India" */;
			compatibilityVersion = "Xcode 9.3";
			developmentRegion = en;
			hasScannedForEncodings = 0;
			knownRegions = (
				en,
				Base,
			);
			mainGroup = 51EA3C98243489A900662396;
			productRefGroup = 51EA3CA2243489A900662396 /* Products */;
			projectDirPath = "";
			projectRoot = "";
			targets = (
				51EA3CA0243489A900662396 /* Covid19India */,
				51EA3CB6243489AB00662396 /* Covid19IndiaTests */,
				51EA3CC1243489AB00662396 /* Covid19IndiaUITests */,
			);
		};
/* End PBXProject section */

/* Begin PBXResourcesBuildPhase section */
		51EA3C9F243489A900662396 /* Resources */ = {
			isa = PBXResourcesBuildPhase;
			buildActionMask = 2147483647;
			files = (
				51EA3CB1243489AB00662396 /* LaunchScreen.storyboard in Resources */,
				51EA3CAE243489AB00662396 /* Assets.xcassets in Resources */,
				51EA3CAC243489A900662396 /* Main.storyboard in Resources */,
			);
			runOnlyForDeploymentPostprocessing = 0;
		};
		51EA3CB5243489AB00662396 /* Resources */ = {
			isa = PBXResourcesBuildPhase;
			buildActionMask = 2147483647;
			files = (
			);
			runOnlyForDeploymentPostprocessing = 0;
		};
		51EA3CC0243489AB00662396 /* Resources */ = {
			isa = PBXResourcesBuildPhase;
			buildActionMask = 2147483647;
			files = (
			);
			runOnlyForDeploymentPostprocessing = 0;
		};
/* End PBXResourcesBuildPhase section */

/* Begin PBXShellScriptBuildPhase section */
		0B95B6E989F01A28EBADBA48 /* [CP] Check Pods Manifest.lock */ = {
			isa = PBXShellScriptBuildPhase;
			buildActionMask = 2147483647;
			files = (
			);
			inputFileListPaths = (
			);
			inputPaths = (
				"${PODS_PODFILE_DIR_PATH}/Podfile.lock",
				"${PODS_ROOT}/Manifest.lock",
			);
			name = "[CP] Check Pods Manifest.lock";
			outputFileListPaths = (
			);
			outputPaths = (
				"$(DERIVED_FILE_DIR)/Pods-Covid19India-Covid19IndiaUITests-checkManifestLockResult.txt",
			);
			runOnlyForDeploymentPostprocessing = 0;
			shellPath = /bin/sh;
			shellScript = "diff \"${PODS_PODFILE_DIR_PATH}/Podfile.lock\" \"${PODS_ROOT}/Manifest.lock\" > /dev/null\nif [ $? != 0 ] ; then\n    # print error to STDERR\n    echo \"error: The sandbox is not in sync with the Podfile.lock. Run 'pod install' or update your CocoaPods installation.\" >&2\n    exit 1\nfi\n# This output is used by Xcode 'outputs' to avoid re-running this script phase.\necho \"SUCCESS\" > \"${SCRIPT_OUTPUT_FILE_0}\"\n";
			showEnvVarsInLog = 0;
		};
		29339FD7D90F3B7EFDD7D163 /* [CP] Embed Pods Frameworks */ = {
			isa = PBXShellScriptBuildPhase;
			buildActionMask = 2147483647;
			files = (
			);
			inputFileListPaths = (
				"${PODS_ROOT}/Target Support Files/Pods-Covid19India-Covid19IndiaUITests/Pods-Covid19India-Covid19IndiaUITests-frameworks-${CONFIGURATION}-input-files.xcfilelist",
			);
			name = "[CP] Embed Pods Frameworks";
			outputFileListPaths = (
				"${PODS_ROOT}/Target Support Files/Pods-Covid19India-Covid19IndiaUITests/Pods-Covid19India-Covid19IndiaUITests-frameworks-${CONFIGURATION}-output-files.xcfilelist",
			);
			runOnlyForDeploymentPostprocessing = 0;
			shellPath = /bin/sh;
			shellScript = "\"${PODS_ROOT}/Target Support Files/Pods-Covid19India-Covid19IndiaUITests/Pods-Covid19India-Covid19IndiaUITests-frameworks.sh\"\n";
			showEnvVarsInLog = 0;
		};
		3A4DB12F57CA2DDFDB4F2EF6 /* [CP] Embed Pods Frameworks */ = {
			isa = PBXShellScriptBuildPhase;
			buildActionMask = 2147483647;
			files = (
			);
			inputFileListPaths = (
				"${PODS_ROOT}/Target Support Files/Pods-Covid19India/Pods-Covid19India-frameworks-${CONFIGURATION}-input-files.xcfilelist",
			);
			name = "[CP] Embed Pods Frameworks";
			outputFileListPaths = (
				"${PODS_ROOT}/Target Support Files/Pods-Covid19India/Pods-Covid19India-frameworks-${CONFIGURATION}-output-files.xcfilelist",
			);
			runOnlyForDeploymentPostprocessing = 0;
			shellPath = /bin/sh;
			shellScript = "\"${PODS_ROOT}/Target Support Files/Pods-Covid19India/Pods-Covid19India-frameworks.sh\"\n";
			showEnvVarsInLog = 0;
		};
		82DB899302350D1BF6A0556F /* [CP] Check Pods Manifest.lock */ = {
			isa = PBXShellScriptBuildPhase;
			buildActionMask = 2147483647;
			files = (
			);
			inputFileListPaths = (
			);
			inputPaths = (
				"${PODS_PODFILE_DIR_PATH}/Podfile.lock",
				"${PODS_ROOT}/Manifest.lock",
			);
			name = "[CP] Check Pods Manifest.lock";
			outputFileListPaths = (
			);
			outputPaths = (
				"$(DERIVED_FILE_DIR)/Pods-Covid19IndiaTests-checkManifestLockResult.txt",
			);
			runOnlyForDeploymentPostprocessing = 0;
			shellPath = /bin/sh;
			shellScript = "diff \"${PODS_PODFILE_DIR_PATH}/Podfile.lock\" \"${PODS_ROOT}/Manifest.lock\" > /dev/null\nif [ $? != 0 ] ; then\n    # print error to STDERR\n    echo \"error: The sandbox is not in sync with the Podfile.lock. Run 'pod install' or update your CocoaPods installation.\" >&2\n    exit 1\nfi\n# This output is used by Xcode 'outputs' to avoid re-running this script phase.\necho \"SUCCESS\" > \"${SCRIPT_OUTPUT_FILE_0}\"\n";
			showEnvVarsInLog = 0;
		};
		869451F8897C4C82CEF0C516 /* [CP] Check Pods Manifest.lock */ = {
			isa = PBXShellScriptBuildPhase;
			buildActionMask = 2147483647;
			files = (
			);
			inputFileListPaths = (
			);
			inputPaths = (
				"${PODS_PODFILE_DIR_PATH}/Podfile.lock",
				"${PODS_ROOT}/Manifest.lock",
			);
			name = "[CP] Check Pods Manifest.lock";
			outputFileListPaths = (
			);
			outputPaths = (
				"$(DERIVED_FILE_DIR)/Pods-Covid19India-checkManifestLockResult.txt",
			);
			runOnlyForDeploymentPostprocessing = 0;
			shellPath = /bin/sh;
			shellScript = "diff \"${PODS_PODFILE_DIR_PATH}/Podfile.lock\" \"${PODS_ROOT}/Manifest.lock\" > /dev/null\nif [ $? != 0 ] ; then\n    # print error to STDERR\n    echo \"error: The sandbox is not in sync with the Podfile.lock. Run 'pod install' or update your CocoaPods installation.\" >&2\n    exit 1\nfi\n# This output is used by Xcode 'outputs' to avoid re-running this script phase.\necho \"SUCCESS\" > \"${SCRIPT_OUTPUT_FILE_0}\"\n";
			showEnvVarsInLog = 0;
		};
/* End PBXShellScriptBuildPhase section */

/* Begin PBXSourcesBuildPhase section */
		51EA3C9D243489A900662396 /* Sources */ = {
			isa = PBXSourcesBuildPhase;
			buildActionMask = 2147483647;
			files = (
				51EA3CDB2434A48200662396 /* Constants.swift in Sources */,
				51EA3CE72434B2CF00662396 /* CovidDataModel.swift in Sources */,
				51EA3CE32434B24900662396 /* KeyValuesModel.swift in Sources */,
				51EA3CA9243489A900662396 /* ViewController.swift in Sources */,
				51EA3CA5243489A900662396 /* AppDelegate.swift in Sources */,
				512AD7A22435C99B00ABB6B4 /* PopupViewController.swift in Sources */,
				51EA3CDF2434B17D00662396 /* CasesTimeSeriesModel.swift in Sources */,
				51EA3CE52434B25F00662396 /* StateWiseModel.swift in Sources */,
				51EA3CA7243489A900662396 /* SceneDelegate.swift in Sources */,
				51EA3CE92434C08100662396 /* StateWiseCell.swift in Sources */,
			);
			runOnlyForDeploymentPostprocessing = 0;
		};
		51EA3CB3243489AB00662396 /* Sources */ = {
			isa = PBXSourcesBuildPhase;
			buildActionMask = 2147483647;
			files = (
				51EA3CBC243489AB00662396 /* Covid19IndiaTests.swift in Sources */,
			);
			runOnlyForDeploymentPostprocessing = 0;
		};
		51EA3CBE243489AB00662396 /* Sources */ = {
			isa = PBXSourcesBuildPhase;
			buildActionMask = 2147483647;
			files = (
				51EA3CC7243489AB00662396 /* Covid19IndiaUITests.swift in Sources */,
			);
			runOnlyForDeploymentPostprocessing = 0;
		};
/* End PBXSourcesBuildPhase section */

/* Begin PBXTargetDependency section */
		51EA3CB9243489AB00662396 /* PBXTargetDependency */ = {
			isa = PBXTargetDependency;
			target = 51EA3CA0243489A900662396 /* Covid19India */;
			targetProxy = 51EA3CB8243489AB00662396 /* PBXContainerItemProxy */;
		};
		51EA3CC4243489AB00662396 /* PBXTargetDependency */ = {
			isa = PBXTargetDependency;
			target = 51EA3CA0243489A900662396 /* Covid19India */;
			targetProxy = 51EA3CC3243489AB00662396 /* PBXContainerItemProxy */;
		};
/* End PBXTargetDependency section */

/* Begin PBXVariantGroup section */
		51EA3CAA243489A900662396 /* Main.storyboard */ = {
			isa = PBXVariantGroup;
			children = (
				51EA3CAB243489A900662396 /* Base */,
			);
			name = Main.storyboard;
			sourceTree = "<group>";
		};
		51EA3CAF243489AB00662396 /* LaunchScreen.storyboard */ = {
			isa = PBXVariantGroup;
			children = (
				51EA3CB0243489AB00662396 /* Base */,
			);
			name = LaunchScreen.storyboard;
			sourceTree = "<group>";
		};
/* End PBXVariantGroup section */

/* Begin XCBuildConfiguration section */
		51EA3CC9243489AB00662396 /* Debug */ = {
			isa = XCBuildConfiguration;
			buildSettings = {
				ALWAYS_SEARCH_USER_PATHS = NO;
				CLANG_ANALYZER_NONNULL = YES;
				CLANG_ANALYZER_NUMBER_OBJECT_CONVERSION = YES_AGGRESSIVE;
				CLANG_CXX_LANGUAGE_STANDARD = "gnu++14";
				CLANG_CXX_LIBRARY = "libc++";
				CLANG_ENABLE_MODULES = YES;
				CLANG_ENABLE_OBJC_ARC = YES;
				CLANG_ENABLE_OBJC_WEAK = YES;
				CLANG_WARN_BLOCK_CAPTURE_AUTORELEASING = YES;
				CLANG_WARN_BOOL_CONVERSION = YES;
				CLANG_WARN_COMMA = YES;
				CLANG_WARN_CONSTANT_CONVERSION = YES;
				CLANG_WARN_DEPRECATED_OBJC_IMPLEMENTATIONS = YES;
				CLANG_WARN_DIRECT_OBJC_ISA_USAGE = YES_ERROR;
				CLANG_WARN_DOCUMENTATION_COMMENTS = YES;
				CLANG_WARN_EMPTY_BODY = YES;
				CLANG_WARN_ENUM_CONVERSION = YES;
				CLANG_WARN_INFINITE_RECURSION = YES;
				CLANG_WARN_INT_CONVERSION = YES;
				CLANG_WARN_NON_LITERAL_NULL_CONVERSION = YES;
				CLANG_WARN_OBJC_IMPLICIT_RETAIN_SELF = YES;
				CLANG_WARN_OBJC_LITERAL_CONVERSION = YES;
				CLANG_WARN_OBJC_ROOT_CLASS = YES_ERROR;
				CLANG_WARN_RANGE_LOOP_ANALYSIS = YES;
				CLANG_WARN_STRICT_PROTOTYPES = YES;
				CLANG_WARN_SUSPICIOUS_MOVE = YES;
				CLANG_WARN_UNGUARDED_AVAILABILITY = YES_AGGRESSIVE;
				CLANG_WARN_UNREACHABLE_CODE = YES;
				CLANG_WARN__DUPLICATE_METHOD_MATCH = YES;
				COPY_PHASE_STRIP = NO;
				DEBUG_INFORMATION_FORMAT = dwarf;
				ENABLE_STRICT_OBJC_MSGSEND = YES;
				ENABLE_TESTABILITY = YES;
				GCC_C_LANGUAGE_STANDARD = gnu11;
				GCC_DYNAMIC_NO_PIC = NO;
				GCC_NO_COMMON_BLOCKS = YES;
				GCC_OPTIMIZATION_LEVEL = 0;
				GCC_PREPROCESSOR_DEFINITIONS = (
					"DEBUG=1",
					"$(inherited)",
				);
				GCC_WARN_64_TO_32_BIT_CONVERSION = YES;
				GCC_WARN_ABOUT_RETURN_TYPE = YES_ERROR;
				GCC_WARN_UNDECLARED_SELECTOR = YES;
				GCC_WARN_UNINITIALIZED_AUTOS = YES_AGGRESSIVE;
				GCC_WARN_UNUSED_FUNCTION = YES;
				GCC_WARN_UNUSED_VARIABLE = YES;
				IPHONEOS_DEPLOYMENT_TARGET = 13.4;
				MTL_ENABLE_DEBUG_INFO = INCLUDE_SOURCE;
				MTL_FAST_MATH = YES;
				ONLY_ACTIVE_ARCH = YES;
				SDKROOT = iphoneos;
				SWIFT_ACTIVE_COMPILATION_CONDITIONS = DEBUG;
				SWIFT_OPTIMIZATION_LEVEL = "-Onone";
			};
			name = Debug;
		};
		51EA3CCA243489AB00662396 /* Release */ = {
			isa = XCBuildConfiguration;
			buildSettings = {
				ALWAYS_SEARCH_USER_PATHS = NO;
				CLANG_ANALYZER_NONNULL = YES;
				CLANG_ANALYZER_NUMBER_OBJECT_CONVERSION = YES_AGGRESSIVE;
				CLANG_CXX_LANGUAGE_STANDARD = "gnu++14";
				CLANG_CXX_LIBRARY = "libc++";
				CLANG_ENABLE_MODULES = YES;
				CLANG_ENABLE_OBJC_ARC = YES;
				CLANG_ENABLE_OBJC_WEAK = YES;
				CLANG_WARN_BLOCK_CAPTURE_AUTORELEASING = YES;
				CLANG_WARN_BOOL_CONVERSION = YES;
				CLANG_WARN_COMMA = YES;
				CLANG_WARN_CONSTANT_CONVERSION = YES;
				CLANG_WARN_DEPRECATED_OBJC_IMPLEMENTATIONS = YES;
				CLANG_WARN_DIRECT_OBJC_ISA_USAGE = YES_ERROR;
				CLANG_WARN_DOCUMENTATION_COMMENTS = YES;
				CLANG_WARN_EMPTY_BODY = YES;
				CLANG_WARN_ENUM_CONVERSION = YES;
				CLANG_WARN_INFINITE_RECURSION = YES;
				CLANG_WARN_INT_CONVERSION = YES;
				CLANG_WARN_NON_LITERAL_NULL_CONVERSION = YES;
				CLANG_WARN_OBJC_IMPLICIT_RETAIN_SELF = YES;
				CLANG_WARN_OBJC_LITERAL_CONVERSION = YES;
				CLANG_WARN_OBJC_ROOT_CLASS = YES_ERROR;
				CLANG_WARN_RANGE_LOOP_ANALYSIS = YES;
				CLANG_WARN_STRICT_PROTOTYPES = YES;
				CLANG_WARN_SUSPICIOUS_MOVE = YES;
				CLANG_WARN_UNGUARDED_AVAILABILITY = YES_AGGRESSIVE;
				CLANG_WARN_UNREACHABLE_CODE = YES;
				CLANG_WARN__DUPLICATE_METHOD_MATCH = YES;
				COPY_PHASE_STRIP = NO;
				DEBUG_INFORMATION_FORMAT = "dwarf-with-dsym";
				ENABLE_NS_ASSERTIONS = NO;
				ENABLE_STRICT_OBJC_MSGSEND = YES;
				GCC_C_LANGUAGE_STANDARD = gnu11;
				GCC_NO_COMMON_BLOCKS = YES;
				GCC_WARN_64_TO_32_BIT_CONVERSION = YES;
				GCC_WARN_ABOUT_RETURN_TYPE = YES_ERROR;
				GCC_WARN_UNDECLARED_SELECTOR = YES;
				GCC_WARN_UNINITIALIZED_AUTOS = YES_AGGRESSIVE;
				GCC_WARN_UNUSED_FUNCTION = YES;
				GCC_WARN_UNUSED_VARIABLE = YES;
				IPHONEOS_DEPLOYMENT_TARGET = 13.4;
				MTL_ENABLE_DEBUG_INFO = NO;
				MTL_FAST_MATH = YES;
				SDKROOT = iphoneos;
				SWIFT_COMPILATION_MODE = wholemodule;
				SWIFT_OPTIMIZATION_LEVEL = "-O";
				VALIDATE_PRODUCT = YES;
			};
			name = Release;
		};
		51EA3CCC243489AB00662396 /* Debug */ = {
			isa = XCBuildConfiguration;
			baseConfigurationReference = 3C4F72BC430A76509B21BCD9 /* Pods-Covid19India.debug.xcconfig */;
			buildSettings = {
				ASSETCATALOG_COMPILER_APPICON_NAME = AppIcon;
				CODE_SIGN_STYLE = Automatic;
				INFOPLIST_FILE = Covid19India/Info.plist;
				LD_RUNPATH_SEARCH_PATHS = (
					"$(inherited)",
					"@executable_path/Frameworks",
				);
				PRODUCT_BUNDLE_IDENTIFIER = com.vibhor.Covid19India;
				PRODUCT_NAME = "$(TARGET_NAME)";
				SWIFT_VERSION = 5.0;
				TARGETED_DEVICE_FAMILY = "1,2";
			};
			name = Debug;
		};
		51EA3CCD243489AB00662396 /* Release */ = {
			isa = XCBuildConfiguration;
			baseConfigurationReference = ACD34269B5C1BC64787752FE /* Pods-Covid19India.release.xcconfig */;
			buildSettings = {
				ASSETCATALOG_COMPILER_APPICON_NAME = AppIcon;
				CODE_SIGN_STYLE = Automatic;
				INFOPLIST_FILE = Covid19India/Info.plist;
				LD_RUNPATH_SEARCH_PATHS = (
					"$(inherited)",
					"@executable_path/Frameworks",
				);
				PRODUCT_BUNDLE_IDENTIFIER = com.vibhor.Covid19India;
				PRODUCT_NAME = "$(TARGET_NAME)";
				SWIFT_VERSION = 5.0;
				TARGETED_DEVICE_FAMILY = "1,2";
			};
			name = Release;
		};
		51EA3CCF243489AB00662396 /* Debug */ = {
			isa = XCBuildConfiguration;
			baseConfigurationReference = 02298A57EFA42481D58C2323 /* Pods-Covid19IndiaTests.debug.xcconfig */;
			buildSettings = {
				ALWAYS_EMBED_SWIFT_STANDARD_LIBRARIES = YES;
				BUNDLE_LOADER = "$(TEST_HOST)";
				CODE_SIGN_STYLE = Automatic;
				INFOPLIST_FILE = Covid19IndiaTests/Info.plist;
				IPHONEOS_DEPLOYMENT_TARGET = 13.4;
				LD_RUNPATH_SEARCH_PATHS = (
					"$(inherited)",
					"@executable_path/Frameworks",
					"@loader_path/Frameworks",
				);
				PRODUCT_BUNDLE_IDENTIFIER = com.vibhor.Covid19IndiaTests;
				PRODUCT_NAME = "$(TARGET_NAME)";
				SWIFT_VERSION = 5.0;
				TARGETED_DEVICE_FAMILY = "1,2";
				TEST_HOST = "$(BUILT_PRODUCTS_DIR)/Covid19India.app/Covid19India";
			};
			name = Debug;
		};
		51EA3CD0243489AB00662396 /* Release */ = {
			isa = XCBuildConfiguration;
			baseConfigurationReference = E458F2ECB2104C49CACDA396 /* Pods-Covid19IndiaTests.release.xcconfig */;
			buildSettings = {
				ALWAYS_EMBED_SWIFT_STANDARD_LIBRARIES = YES;
				BUNDLE_LOADER = "$(TEST_HOST)";
				CODE_SIGN_STYLE = Automatic;
				INFOPLIST_FILE = Covid19IndiaTests/Info.plist;
				IPHONEOS_DEPLOYMENT_TARGET = 13.4;
				LD_RUNPATH_SEARCH_PATHS = (
					"$(inherited)",
					"@executable_path/Frameworks",
					"@loader_path/Frameworks",
				);
				PRODUCT_BUNDLE_IDENTIFIER = com.vibhor.Covid19IndiaTests;
				PRODUCT_NAME = "$(TARGET_NAME)";
				SWIFT_VERSION = 5.0;
				TARGETED_DEVICE_FAMILY = "1,2";
				TEST_HOST = "$(BUILT_PRODUCTS_DIR)/Covid19India.app/Covid19India";
			};
			name = Release;
		};
		51EA3CD2243489AB00662396 /* Debug */ = {
			isa = XCBuildConfiguration;
			baseConfigurationReference = BB76F694E9C79CDC139969C8 /* Pods-Covid19India-Covid19IndiaUITests.debug.xcconfig */;
			buildSettings = {
				ALWAYS_EMBED_SWIFT_STANDARD_LIBRARIES = YES;
				CODE_SIGN_STYLE = Automatic;
				INFOPLIST_FILE = Covid19IndiaUITests/Info.plist;
				LD_RUNPATH_SEARCH_PATHS = (
					"$(inherited)",
					"@executable_path/Frameworks",
					"@loader_path/Frameworks",
				);
				PRODUCT_BUNDLE_IDENTIFIER = com.vibhor.Covid19IndiaUITests;
				PRODUCT_NAME = "$(TARGET_NAME)";
				SWIFT_VERSION = 5.0;
				TARGETED_DEVICE_FAMILY = "1,2";
				TEST_TARGET_NAME = Covid19India;
			};
			name = Debug;
		};
		51EA3CD3243489AB00662396 /* Release */ = {
			isa = XCBuildConfiguration;
			baseConfigurationReference = 02A7F2D0217CB32FF10F5644 /* Pods-Covid19India-Covid19IndiaUITests.release.xcconfig */;
			buildSettings = {
				ALWAYS_EMBED_SWIFT_STANDARD_LIBRARIES = YES;
				CODE_SIGN_STYLE = Automatic;
				INFOPLIST_FILE = Covid19IndiaUITests/Info.plist;
				LD_RUNPATH_SEARCH_PATHS = (
					"$(inherited)",
					"@executable_path/Frameworks",
					"@loader_path/Frameworks",
				);
				PRODUCT_BUNDLE_IDENTIFIER = com.vibhor.Covid19IndiaUITests;
				PRODUCT_NAME = "$(TARGET_NAME)";
				SWIFT_VERSION = 5.0;
				TARGETED_DEVICE_FAMILY = "1,2";
				TEST_TARGET_NAME = Covid19India;
			};
			name = Release;
		};
/* End XCBuildConfiguration section */

/* Begin XCConfigurationList section */
		51EA3C9C243489A900662396 /* Build configuration list for PBXProject "Covid19India" */ = {
			isa = XCConfigurationList;
			buildConfigurations = (
				51EA3CC9243489AB00662396 /* Debug */,
				51EA3CCA243489AB00662396 /* Release */,
			);
			defaultConfigurationIsVisible = 0;
			defaultConfigurationName = Release;
		};
		51EA3CCB243489AB00662396 /* Build configuration list for PBXNativeTarget "Covid19India" */ = {
			isa = XCConfigurationList;
			buildConfigurations = (
				51EA3CCC243489AB00662396 /* Debug */,
				51EA3CCD243489AB00662396 /* Release */,
			);
			defaultConfigurationIsVisible = 0;
			defaultConfigurationName = Release;
		};
		51EA3CCE243489AB00662396 /* Build configuration list for PBXNativeTarget "Covid19IndiaTests" */ = {
			isa = XCConfigurationList;
			buildConfigurations = (
				51EA3CCF243489AB00662396 /* Debug */,
				51EA3CD0243489AB00662396 /* Release */,
			);
			defaultConfigurationIsVisible = 0;
			defaultConfigurationName = Release;
		};
		51EA3CD1243489AB00662396 /* Build configuration list for PBXNativeTarget "Covid19IndiaUITests" */ = {
			isa = XCConfigurationList;
			buildConfigurations = (
				51EA3CD2243489AB00662396 /* Debug */,
				51EA3CD3243489AB00662396 /* Release */,
			);
			defaultConfigurationIsVisible = 0;
			defaultConfigurationName = Release;
		};
/* End XCConfigurationList section */
	};
	rootObject = 51EA3C99243489A900662396 /* Project object */;
}
